
Microsoft Visual Studio Solution File, Format Version 12.00
# Visual Studio 15
VisualStudioVersion = 15.0.28307.1684
MinimumVisualStudioVersion = 10.0.40219.1
Project("{E24C65DC-7377-472B-9ABA-BC803B73C61A}") = "vinhgia", ".", "{57E30FA8-C81E-4634-9470-770591A51078}"
	ProjectSection(WebsiteProperties) = preProject
		TargetFrameworkMoniker = ".NETFramework,Version%3Dv4.0"
		Debug.AspNetCompiler.VirtualPath = "/localhost_26130"
		Debug.AspNetCompiler.PhysicalPath = "..\vinhgia\"
		Debug.AspNetCompiler.TargetPath = "PrecompiledWeb\localhost_26130\"
		Debug.AspNetCompiler.Updateable = "true"
		Debug.AspNetCompiler.ForceOverwrite = "true"
		Debug.AspNetCompiler.FixedNames = "false"
		Debug.AspNetCompiler.Debug = "True"
		Release.AspNetCompiler.VirtualPath = "/localhost_26130"
		Release.AspNetCompiler.PhysicalPath = "..\vinhgia\"
		Release.AspNetCompiler.TargetPath = "PrecompiledWeb\localhost_26130\"
		Release.AspNetCompiler.Updateable = "true"
		Release.AspNetCompiler.ForceOverwrite = "true"
		Release.AspNetCompiler.FixedNames = "false"
		Release.AspNetCompiler.Debug = "False"
		VWDPort = "26130"
		SlnRelativePath = "..\vinhgia\"
	EndProjectSection
EndProject
Project("{FAE04EC0-301F-11D3-BF4B-00C04F79EFBC}") = "ReportVinhgia", "..\ReportVinhgia\ReportVinhgia.csproj", "{0B2C18F5-2AF8-4148-8F99-8E735C6E946E}"
EndProject
Project("{FAE04EC0-301F-11D3-BF4B-00C04F79EFBC}") = "WindowsService1", "..\WindowsService1\WindowsService1.csproj", "{886AE789-5323-4D95-BDC3-0866E15728BE}"
EndProject
Global
	GlobalSection(SolutionConfigurationPlatforms) = preSolution
		Debug|Any CPU = Debug|Any CPU
		Release|Any CPU = Release|Any CPU
	EndGlobalSection
	GlobalSection(ProjectConfigurationPlatforms) = postSolution
		{57E30FA8-C81E-4634-9470-770591A51078}.Debug|Any CPU.ActiveCfg = Debug|Any CPU
		{57E30FA8-C81E-4634-9470-770591A51078}.Debug|Any CPU.Build.0 = Debug|Any CPU
		{57E30FA8-C81E-4634-9470-770591A51078}.Release|Any CPU.ActiveCfg = Debug|Any CPU
		{57E30FA8-C81E-4634-9470-770591A51078}.Release|Any CPU.Build.0 = Debug|Any CPU
		{0B2C18F5-2AF8-4148-8F99-8E735C6E946E}.Debug|Any CPU.ActiveCfg = Debug|Any CPU
		{0B2C18F5-2AF8-4148-8F99-8E735C6E946E}.Debug|Any CPU.Build.0 = Debug|Any CPU
		{0B2C18F5-2AF8-4148-8F99-8E735C6E946E}.Release|Any CPU.ActiveCfg = Release|Any CPU
		{0B2C18F5-2AF8-4148-8F99-8E735C6E946E}.Release|Any CPU.Build.0 = Release|Any CPU
		{886AE789-5323-4D95-BDC3-0866E15728BE}.Debug|Any CPU.ActiveCfg = Debug|Any CPU
		{886AE789-5323-4D95-BDC3-0866E15728BE}.Debug|Any CPU.Build.0 = Debug|Any CPU
		{886AE789-5323-4D95-BDC3-0866E15728BE}.Release|Any CPU.ActiveCfg = Release|Any CPU
		{886AE789-5323-4D95-BDC3-0866E15728BE}.Release|Any CPU.Build.0 = Release|Any CPU
	EndGlobalSection
	GlobalSection(SolutionProperties) = preSolution
		HideSolutionNode = FALSE
	EndGlobalSection
	GlobalSection(ExtensibilityGlobals) = postSolution
		SolutionGuid = {72BD86DC-E795-4ECC-A47C-CFD9C34FF56A}
	EndGlobalSection
EndGlobal
